
Microsoft Visual Studio Solution File, Format Version 12.00
# Visual Studio 15
VisualStudioVersion = 15.0.27703.2026
MinimumVisualStudioVersion = 10.0.40219.1
Project("{FAE04EC0-301F-11D3-BF4B-00C04F79EFBC}") = "RegexHotKeyUI", "RegexHotKeyUI\RegexHotKeyUI.csproj", "{2B99E25A-44BD-4F73-9C18-4212DE31935E}"
EndProject
Project("{8BC9CEB8-8B4A-11D0-8D11-00A0C91BC942}") = "HooksUnmanaged", "HooksUnmanaged\HooksUnmanaged.vcxproj", "{0BE0AAD3-11C6-477C-ABA9-51A8E8B88E4A}"
	ProjectSection(ProjectDependencies) = postProject
		{9111E5C0-AE41-45EB-A65F-F2F688F73B8B} = {9111E5C0-AE41-45EB-A65F-F2F688F73B8B}
	EndProjectSection
EndProject
Project("{8BC9CEB8-8B4A-11D0-8D11-00A0C91BC942}") = "Hook", "Hook\Hook.vcxproj", "{9111E5C0-AE41-45EB-A65F-F2F688F73B8B}"
EndProject
Project("{FAE04EC0-301F-11D3-BF4B-00C04F79EFBC}") = "RegexHotKey", "RegexHotKey\RegexHotKey.csproj", "{27D0597D-464D-4E6E-8583-0307609C3240}"
EndProject
Project("{FAE04EC0-301F-11D3-BF4B-00C04F79EFBC}") = "RegexHotKey.StandardLibrary", "RegexHotKey.StandardLibrary\RegexHotKey.StandardLibrary.csproj", "{8A23BD79-2238-4542-978B-411EA71F9708}"
EndProject
Global
	GlobalSection(SolutionConfigurationPlatforms) = preSolution
		Debug|Any CPU = Debug|Any CPU
		Debug|x64 = Debug|x64
		Debug|x86 = Debug|x86
		Release|Any CPU = Release|Any CPU
		Release|x64 = Release|x64
		Release|x86 = Release|x86
	EndGlobalSection
	GlobalSection(ProjectConfigurationPlatforms) = postSolution
		{2B99E25A-44BD-4F73-9C18-4212DE31935E}.Debug|Any CPU.ActiveCfg = Debug|Any CPU
		{2B99E25A-44BD-4F73-9C18-4212DE31935E}.Debug|Any CPU.Build.0 = Debug|Any CPU
		{2B99E25A-44BD-4F73-9C18-4212DE31935E}.Debug|x64.ActiveCfg = Debug|Any CPU
		{2B99E25A-44BD-4F73-9C18-4212DE31935E}.Debug|x64.Build.0 = Debug|Any CPU
		{2B99E25A-44BD-4F73-9C18-4212DE31935E}.Debug|x86.ActiveCfg = Debug|Any CPU
		{2B99E25A-44BD-4F73-9C18-4212DE31935E}.Debug|x86.Build.0 = Debug|Any CPU
		{2B99E25A-44BD-4F73-9C18-4212DE31935E}.Release|Any CPU.ActiveCfg = Release|Any CPU
		{2B99E25A-44BD-4F73-9C18-4212DE31935E}.Release|Any CPU.Build.0 = Release|Any CPU
		{2B99E25A-44BD-4F73-9C18-4212DE31935E}.Release|x64.ActiveCfg = Release|Any CPU
		{2B99E25A-44BD-4F73-9C18-4212DE31935E}.Release|x64.Build.0 = Release|Any CPU
		{2B99E25A-44BD-4F73-9C18-4212DE31935E}.Release|x86.ActiveCfg = Release|Any CPU
		{2B99E25A-44BD-4F73-9C18-4212DE31935E}.Release|x86.Build.0 = Release|Any CPU
		{0BE0AAD3-11C6-477C-ABA9-51A8E8B88E4A}.Debug|Any CPU.ActiveCfg = Debug|Win32
		{0BE0AAD3-11C6-477C-ABA9-51A8E8B88E4A}.Debug|Any CPU.Build.0 = Debug|Win32
		{0BE0AAD3-11C6-477C-ABA9-51A8E8B88E4A}.Debug|x64.ActiveCfg = Debug|x64
		{0BE0AAD3-11C6-477C-ABA9-51A8E8B88E4A}.Debug|x64.Build.0 = Debug|x64
		{0BE0AAD3-11C6-477C-ABA9-51A8E8B88E4A}.Debug|x86.ActiveCfg = Debug|Win32
		{0BE0AAD3-11C6-477C-ABA9-51A8E8B88E4A}.Debug|x86.Build.0 = Debug|Win32
		{0BE0AAD3-11C6-477C-ABA9-51A8E8B88E4A}.Release|Any CPU.ActiveCfg = Release|Win32
		{0BE0AAD3-11C6-477C-ABA9-51A8E8B88E4A}.Release|x64.ActiveCfg = Release|x64
		{0BE0AAD3-11C6-477C-ABA9-51A8E8B88E4A}.Release|x64.Build.0 = Release|x64
		{0BE0AAD3-11C6-477C-ABA9-51A8E8B88E4A}.Release|x86.ActiveCfg = Release|Win32
		{0BE0AAD3-11C6-477C-ABA9-51A8E8B88E4A}.Release|x86.Build.0 = Release|Win32
		{9111E5C0-AE41-45EB-A65F-F2F688F73B8B}.Debug|Any CPU.ActiveCfg = Debug|Win32
		{9111E5C0-AE41-45EB-A65F-F2F688F73B8B}.Debug|Any CPU.Build.0 = Debug|Win32
		{9111E5C0-AE41-45EB-A65F-F2F688F73B8B}.Debug|x64.ActiveCfg = Debug|x64
		{9111E5C0-AE41-45EB-A65F-F2F688F73B8B}.Debug|x64.Build.0 = Debug|x64
		{9111E5C0-AE41-45EB-A65F-F2F688F73B8B}.Debug|x86.ActiveCfg = Debug|Win32
		{9111E5C0-AE41-45EB-A65F-F2F688F73B8B}.Debug|x86.Build.0 = Debug|Win32
		{9111E5C0-AE41-45EB-A65F-F2F688F73B8B}.Release|Any CPU.ActiveCfg = Release|Win32
		{9111E5C0-AE41-45EB-A65F-F2F688F73B8B}.Release|x64.ActiveCfg = Release|x64
		{9111E5C0-AE41-45EB-A65F-F2F688F73B8B}.Release|x64.Build.0 = Release|x64
		{9111E5C0-AE41-45EB-A65F-F2F688F73B8B}.Release|x86.ActiveCfg = Release|Win32
		{9111E5C0-AE41-45EB-A65F-F2F688F73B8B}.Release|x86.Build.0 = Release|Win32
		{27D0597D-464D-4E6E-8583-0307609C3240}.Debug|Any CPU.ActiveCfg = Debug|Any CPU
		{27D0597D-464D-4E6E-8583-0307609C3240}.Debug|Any CPU.Build.0 = Debug|Any CPU
		{27D0597D-464D-4E6E-8583-0307609C3240}.Debug|x64.ActiveCfg = Debug|Any CPU
		{27D0597D-464D-4E6E-8583-0307609C3240}.Debug|x64.Build.0 = Debug|Any CPU
		{27D0597D-464D-4E6E-8583-0307609C3240}.Debug|x86.ActiveCfg = Debug|Any CPU
		{27D0597D-464D-4E6E-8583-0307609C3240}.Debug|x86.Build.0 = Debug|Any CPU
		{27D0597D-464D-4E6E-8583-0307609C3240}.Release|Any CPU.ActiveCfg = Release|Any CPU
		{27D0597D-464D-4E6E-8583-0307609C3240}.Release|Any CPU.Build.0 = Release|Any CPU
		{27D0597D-464D-4E6E-8583-0307609C3240}.Release|x64.ActiveCfg = Release|Any CPU
		{27D0597D-464D-4E6E-8583-0307609C3240}.Release|x64.Build.0 = Release|Any CPU
		{27D0597D-464D-4E6E-8583-0307609C3240}.Release|x86.ActiveCfg = Release|Any CPU
		{27D0597D-464D-4E6E-8583-0307609C3240}.Release|x86.Build.0 = Release|Any CPU
		{8A23BD79-2238-4542-978B-411EA71F9708}.Debug|Any CPU.ActiveCfg = Debug|Any CPU
		{8A23BD79-2238-4542-978B-411EA71F9708}.Debug|Any CPU.Build.0 = Debug|Any CPU
		{8A23BD79-2238-4542-978B-411EA71F9708}.Debug|x64.ActiveCfg = Debug|Any CPU
		{8A23BD79-2238-4542-978B-411EA71F9708}.Debug|x64.Build.0 = Debug|Any CPU
		{8A23BD79-2238-4542-978B-411EA71F9708}.Debug|x86.ActiveCfg = Debug|Any CPU
		{8A23BD79-2238-4542-978B-411EA71F9708}.Debug|x86.Build.0 = Debug|Any CPU
		{8A23BD79-2238-4542-978B-411EA71F9708}.Release|Any CPU.ActiveCfg = Release|Any CPU
		{8A23BD79-2238-4542-978B-411EA71F9708}.Release|Any CPU.Build.0 = Release|Any CPU
		{8A23BD79-2238-4542-978B-411EA71F9708}.Release|x64.ActiveCfg = Release|Any CPU
		{8A23BD79-2238-4542-978B-411EA71F9708}.Release|x64.Build.0 = Release|Any CPU
		{8A23BD79-2238-4542-978B-411EA71F9708}.Release|x86.ActiveCfg = Release|Any CPU
		{8A23BD79-2238-4542-978B-411EA71F9708}.Release|x86.Build.0 = Release|Any CPU
	EndGlobalSection
	GlobalSection(SolutionProperties) = preSolution
		HideSolutionNode = FALSE
	EndGlobalSection
	GlobalSection(ExtensibilityGlobals) = postSolution
		SolutionGuid = {8F343FDD-5686-4712-8DA5-2BD9C8AE9492}
	EndGlobalSection
EndGlobal
